
Microsoft Visual Studio Solution File, Format Version 12.00
# Visual Studio Version 17
VisualStudioVersion = 17.4.33122.133
MinimumVisualStudioVersion = 15.0.26124.0
Project("{9A19103F-16F7-4668-BE54-9A1E7A4F7556}") = "RolyAuthCdk", "RolyAuth\RolyAuthCdk.csproj", "{D667BB9F-1444-4088-AE98-4CB23819649E}"
EndProject
Project("{2150E333-8FDC-42A3-9474-1A3956D46DE8}") = "Lambdas", "Lambdas", "{7FE811F2-411E-4FE8-A1B0-1EBFA8A940A3}"
EndProject
Project("{9A19103F-16F7-4668-BE54-9A1E7A4F7556}") = "ApiFunction", "Lambda\BackendFunction\ApiFunction.csproj", "{A28258A5-54F6-42C2-AD05-8D16E537DAF0}"
EndProject
Project("{2150E333-8FDC-42A3-9474-1A3956D46DE8}") = "Solution Items", "Solution Items", "{5AB04BA3-C92F-4A06-A5EE-1C0F5E68A94D}"
	ProjectSection(SolutionItems) = preProject
		..\.gitignore = ..\.gitignore
		..\BuildAndDeploy.cmd = ..\BuildAndDeploy.cmd
		..\README.md = ..\README.md
	EndProjectSection
EndProject
Global
	GlobalSection(SolutionConfigurationPlatforms) = preSolution
		Debug|Any CPU = Debug|Any CPU
		Debug|x64 = Debug|x64
		Debug|x86 = Debug|x86
		Release|Any CPU = Release|Any CPU
		Release|x64 = Release|x64
		Release|x86 = Release|x86
	EndGlobalSection
	GlobalSection(ProjectConfigurationPlatforms) = postSolution
		{D667BB9F-1444-4088-AE98-4CB23819649E}.Debug|Any CPU.ActiveCfg = Debug|Any CPU
		{D667BB9F-1444-4088-AE98-4CB23819649E}.Debug|Any CPU.Build.0 = Debug|Any CPU
		{D667BB9F-1444-4088-AE98-4CB23819649E}.Debug|x64.ActiveCfg = Debug|Any CPU
		{D667BB9F-1444-4088-AE98-4CB23819649E}.Debug|x64.Build.0 = Debug|Any CPU
		{D667BB9F-1444-4088-AE98-4CB23819649E}.Debug|x86.ActiveCfg = Debug|Any CPU
		{D667BB9F-1444-4088-AE98-4CB23819649E}.Debug|x86.Build.0 = Debug|Any CPU
		{D667BB9F-1444-4088-AE98-4CB23819649E}.Release|Any CPU.ActiveCfg = Release|Any CPU
		{D667BB9F-1444-4088-AE98-4CB23819649E}.Release|Any CPU.Build.0 = Release|Any CPU
		{D667BB9F-1444-4088-AE98-4CB23819649E}.Release|x64.ActiveCfg = Release|Any CPU
		{D667BB9F-1444-4088-AE98-4CB23819649E}.Release|x64.Build.0 = Release|Any CPU
		{D667BB9F-1444-4088-AE98-4CB23819649E}.Release|x86.ActiveCfg = Release|Any CPU
		{D667BB9F-1444-4088-AE98-4CB23819649E}.Release|x86.Build.0 = Release|Any CPU
		{A28258A5-54F6-42C2-AD05-8D16E537DAF0}.Debug|Any CPU.ActiveCfg = Debug|Any CPU
		{A28258A5-54F6-42C2-AD05-8D16E537DAF0}.Debug|Any CPU.Build.0 = Debug|Any CPU
		{A28258A5-54F6-42C2-AD05-8D16E537DAF0}.Debug|x64.ActiveCfg = Debug|Any CPU
		{A28258A5-54F6-42C2-AD05-8D16E537DAF0}.Debug|x64.Build.0 = Debug|Any CPU
		{A28258A5-54F6-42C2-AD05-8D16E537DAF0}.Debug|x86.ActiveCfg = Debug|Any CPU
		{A28258A5-54F6-42C2-AD05-8D16E537DAF0}.Debug|x86.Build.0 = Debug|Any CPU
		{A28258A5-54F6-42C2-AD05-8D16E537DAF0}.Release|Any CPU.ActiveCfg = Release|Any CPU
		{A28258A5-54F6-42C2-AD05-8D16E537DAF0}.Release|Any CPU.Build.0 = Release|Any CPU
		{A28258A5-54F6-42C2-AD05-8D16E537DAF0}.Release|x64.ActiveCfg = Release|Any CPU
		{A28258A5-54F6-42C2-AD05-8D16E537DAF0}.Release|x64.Build.0 = Release|Any CPU
		{A28258A5-54F6-42C2-AD05-8D16E537DAF0}.Release|x86.ActiveCfg = Release|Any CPU
		{A28258A5-54F6-42C2-AD05-8D16E537DAF0}.Release|x86.Build.0 = Release|Any CPU
	EndGlobalSection
	GlobalSection(SolutionProperties) = preSolution
		HideSolutionNode = FALSE
	EndGlobalSection
	GlobalSection(NestedProjects) = preSolution
		{A28258A5-54F6-42C2-AD05-8D16E537DAF0} = {7FE811F2-411E-4FE8-A1B0-1EBFA8A940A3}
	EndGlobalSection
	GlobalSection(ExtensibilityGlobals) = postSolution
		SolutionGuid = {5842D8CC-6C2F-449C-9114-B4649C80C8FC}
	EndGlobalSection
EndGlobal
